
Microsoft Visual Studio Solution File, Format Version 12.00
# Visual Studio 15
Project("{FAE04EC0-301F-11D3-BF4B-00C04F79EFBC}") = "Assembly-CSharp", "Assembly-CSharp.csproj", "{B39625A3-B176-A4AD-87E3-3EBFDBF11736}"
EndProject
Project("{FAE04EC0-301F-11D3-BF4B-00C04F79EFBC}") = "Assembly-CSharp-Editor", "Assembly-CSharp-Editor.csproj", "{0BEEF9D3-5B98-2BFC-DE5D-4AF1E14BEECA}"
EndProject
Global
	GlobalSection(SolutionConfigurationPlatforms) = preSolution
		Debug|Any CPU = Debug|Any CPU
		Release|Any CPU = Release|Any CPU
	EndGlobalSection
	GlobalSection(ProjectConfigurationPlatforms) = postSolution
		{B39625A3-B176-A4AD-87E3-3EBFDBF11736}.Debug|Any CPU.ActiveCfg = Debug|Any CPU
		{B39625A3-B176-A4AD-87E3-3EBFDBF11736}.Debug|Any CPU.Build.0 = Debug|Any CPU
		{B39625A3-B176-A4AD-87E3-3EBFDBF11736}.Release|Any CPU.ActiveCfg = Release|Any CPU
		{B39625A3-B176-A4AD-87E3-3EBFDBF11736}.Release|Any CPU.Build.0 = Release|Any CPU
		{0BEEF9D3-5B98-2BFC-DE5D-4AF1E14BEECA}.Debug|Any CPU.ActiveCfg = Debug|Any CPU
		{0BEEF9D3-5B98-2BFC-DE5D-4AF1E14BEECA}.Debug|Any CPU.Build.0 = Debug|Any CPU
		{0BEEF9D3-5B98-2BFC-DE5D-4AF1E14BEECA}.Release|Any CPU.ActiveCfg = Release|Any CPU
		{0BEEF9D3-5B98-2BFC-DE5D-4AF1E14BEECA}.Release|Any CPU.Build.0 = Release|Any CPU
	EndGlobalSection
	GlobalSection(SolutionProperties) = preSolution
		HideSolutionNode = FALSE
	EndGlobalSection
EndGlobal
